
Microsoft Visual Studio Solution File, Format Version 12.00
Project("{FAE04EC0-301F-11D3-BF4B-00C04F79EFBC}") = "graph_dfs__path_one_step6", "graph_dfs__path_one_step6\graph_dfs__path_one_step6.csproj", "{F3490ACD-CAA9-41B9-B042-D00D5E836333}"
EndProject
Global
	GlobalSection(SolutionConfigurationPlatforms) = preSolution
		Debug|Any CPU = Debug|Any CPU
		Release|Any CPU = Release|Any CPU
	EndGlobalSection
	GlobalSection(ProjectConfigurationPlatforms) = postSolution
		{F3490ACD-CAA9-41B9-B042-D00D5E836333}.Debug|Any CPU.ActiveCfg = Debug|Any CPU
		{F3490ACD-CAA9-41B9-B042-D00D5E836333}.Debug|Any CPU.Build.0 = Debug|Any CPU
		{F3490ACD-CAA9-41B9-B042-D00D5E836333}.Release|Any CPU.ActiveCfg = Release|Any CPU
		{F3490ACD-CAA9-41B9-B042-D00D5E836333}.Release|Any CPU.Build.0 = Release|Any CPU
	EndGlobalSection
EndGlobal
