
Microsoft Visual Studio Solution File, Format Version 12.00
Project("{FAE04EC0-301F-11D3-BF4B-00C04F79EFBC}") = "array_utilization_primer__map", "array_utilization_primer__map\array_utilization_primer__map.csproj", "{6777B65E-7469-4DE0-B501-0AD78E843842}"
EndProject
Global
	GlobalSection(SolutionConfigurationPlatforms) = preSolution
		Debug|Any CPU = Debug|Any CPU
		Release|Any CPU = Release|Any CPU
	EndGlobalSection
	GlobalSection(ProjectConfigurationPlatforms) = postSolution
		{6777B65E-7469-4DE0-B501-0AD78E843842}.Debug|Any CPU.ActiveCfg = Debug|Any CPU
		{6777B65E-7469-4DE0-B501-0AD78E843842}.Debug|Any CPU.Build.0 = Debug|Any CPU
		{6777B65E-7469-4DE0-B501-0AD78E843842}.Release|Any CPU.ActiveCfg = Release|Any CPU
		{6777B65E-7469-4DE0-B501-0AD78E843842}.Release|Any CPU.Build.0 = Release|Any CPU
	EndGlobalSection
EndGlobal
