
Microsoft Visual Studio Solution File, Format Version 12.00
Project("{FAE04EC0-301F-11D3-BF4B-00C04F79EFBC}") = "forest_contest_008__word_count", "forest_contest_008__word_count\forest_contest_008__word_count.csproj", "{5FE35B86-72A2-4480-B591-6A0DBCD4CE1B}"
EndProject
Global
	GlobalSection(SolutionConfigurationPlatforms) = preSolution
		Debug|Any CPU = Debug|Any CPU
		Release|Any CPU = Release|Any CPU
	EndGlobalSection
	GlobalSection(ProjectConfigurationPlatforms) = postSolution
		{5FE35B86-72A2-4480-B591-6A0DBCD4CE1B}.Debug|Any CPU.ActiveCfg = Debug|Any CPU
		{5FE35B86-72A2-4480-B591-6A0DBCD4CE1B}.Debug|Any CPU.Build.0 = Debug|Any CPU
		{5FE35B86-72A2-4480-B591-6A0DBCD4CE1B}.Release|Any CPU.ActiveCfg = Release|Any CPU
		{5FE35B86-72A2-4480-B591-6A0DBCD4CE1B}.Release|Any CPU.Build.0 = Release|Any CPU
	EndGlobalSection
EndGlobal
