
Microsoft Visual Studio Solution File, Format Version 12.00
Project("{FAE04EC0-301F-11D3-BF4B-00C04F79EFBC}") = "graph_dfs__path_one_step5", "graph_dfs__path_one_step5\graph_dfs__path_one_step5.csproj", "{E3F9F3A7-0235-4B16-9939-4A6125D73615}"
EndProject
Global
	GlobalSection(SolutionConfigurationPlatforms) = preSolution
		Debug|Any CPU = Debug|Any CPU
		Release|Any CPU = Release|Any CPU
	EndGlobalSection
	GlobalSection(ProjectConfigurationPlatforms) = postSolution
		{E3F9F3A7-0235-4B16-9939-4A6125D73615}.Debug|Any CPU.ActiveCfg = Debug|Any CPU
		{E3F9F3A7-0235-4B16-9939-4A6125D73615}.Debug|Any CPU.Build.0 = Debug|Any CPU
		{E3F9F3A7-0235-4B16-9939-4A6125D73615}.Release|Any CPU.ActiveCfg = Release|Any CPU
		{E3F9F3A7-0235-4B16-9939-4A6125D73615}.Release|Any CPU.Build.0 = Release|Any CPU
	EndGlobalSection
EndGlobal
