
Microsoft Visual Studio Solution File, Format Version 12.00
Project("{FAE04EC0-301F-11D3-BF4B-00C04F79EFBC}") = "a_rank_camp_step4", "a_rank_camp_step4\a_rank_camp_step4.csproj", "{6441E0AA-F6C6-498C-81BD-23F24454AECA}"
EndProject
Global
	GlobalSection(SolutionConfigurationPlatforms) = preSolution
		Debug|Any CPU = Debug|Any CPU
		Release|Any CPU = Release|Any CPU
	EndGlobalSection
	GlobalSection(ProjectConfigurationPlatforms) = postSolution
		{6441E0AA-F6C6-498C-81BD-23F24454AECA}.Debug|Any CPU.ActiveCfg = Debug|Any CPU
		{6441E0AA-F6C6-498C-81BD-23F24454AECA}.Debug|Any CPU.Build.0 = Debug|Any CPU
		{6441E0AA-F6C6-498C-81BD-23F24454AECA}.Release|Any CPU.ActiveCfg = Release|Any CPU
		{6441E0AA-F6C6-498C-81BD-23F24454AECA}.Release|Any CPU.Build.0 = Release|Any CPU
	EndGlobalSection
EndGlobal
