
Microsoft Visual Studio Solution File, Format Version 12.00
Project("{FAE04EC0-301F-11D3-BF4B-00C04F79EFBC}") = "sort_naive__bubble", "sort_naive__bubble\sort_naive__bubble.csproj", "{EDCCCAE2-142D-4A63-9930-92F42FDCD3B3}"
EndProject
Global
	GlobalSection(SolutionConfigurationPlatforms) = preSolution
		Debug|Any CPU = Debug|Any CPU
		Release|Any CPU = Release|Any CPU
	EndGlobalSection
	GlobalSection(ProjectConfigurationPlatforms) = postSolution
		{EDCCCAE2-142D-4A63-9930-92F42FDCD3B3}.Debug|Any CPU.ActiveCfg = Debug|Any CPU
		{EDCCCAE2-142D-4A63-9930-92F42FDCD3B3}.Debug|Any CPU.Build.0 = Debug|Any CPU
		{EDCCCAE2-142D-4A63-9930-92F42FDCD3B3}.Release|Any CPU.ActiveCfg = Release|Any CPU
		{EDCCCAE2-142D-4A63-9930-92F42FDCD3B3}.Release|Any CPU.Build.0 = Release|Any CPU
	EndGlobalSection
EndGlobal
