
Microsoft Visual Studio Solution File, Format Version 12.00
Project("{FAE04EC0-301F-11D3-BF4B-00C04F79EFBC}") = "a_rank_snake_map_boss", "a_rank_snake_map_boss\a_rank_snake_map_boss.csproj", "{6A0DE947-1DA8-4A44-A189-89645A2C0599}"
EndProject
Global
	GlobalSection(SolutionConfigurationPlatforms) = preSolution
		Debug|Any CPU = Debug|Any CPU
		Release|Any CPU = Release|Any CPU
	EndGlobalSection
	GlobalSection(ProjectConfigurationPlatforms) = postSolution
		{6A0DE947-1DA8-4A44-A189-89645A2C0599}.Debug|Any CPU.ActiveCfg = Debug|Any CPU
		{6A0DE947-1DA8-4A44-A189-89645A2C0599}.Debug|Any CPU.Build.0 = Debug|Any CPU
		{6A0DE947-1DA8-4A44-A189-89645A2C0599}.Release|Any CPU.ActiveCfg = Release|Any CPU
		{6A0DE947-1DA8-4A44-A189-89645A2C0599}.Release|Any CPU.Build.0 = Release|Any CPU
	EndGlobalSection
EndGlobal
