
Microsoft Visual Studio Solution File, Format Version 12.00
Project("{FAE04EC0-301F-11D3-BF4B-00C04F79EFBC}") = "a_rank_snake_move_step4", "a_rank_snake_move_step4\a_rank_snake_move_step4.csproj", "{07CC6D3A-F00D-4BF1-BF83-453927314E6C}"
EndProject
Global
	GlobalSection(SolutionConfigurationPlatforms) = preSolution
		Debug|Any CPU = Debug|Any CPU
		Release|Any CPU = Release|Any CPU
	EndGlobalSection
	GlobalSection(ProjectConfigurationPlatforms) = postSolution
		{07CC6D3A-F00D-4BF1-BF83-453927314E6C}.Debug|Any CPU.ActiveCfg = Debug|Any CPU
		{07CC6D3A-F00D-4BF1-BF83-453927314E6C}.Debug|Any CPU.Build.0 = Debug|Any CPU
		{07CC6D3A-F00D-4BF1-BF83-453927314E6C}.Release|Any CPU.ActiveCfg = Release|Any CPU
		{07CC6D3A-F00D-4BF1-BF83-453927314E6C}.Release|Any CPU.Build.0 = Release|Any CPU
	EndGlobalSection
EndGlobal
