
Microsoft Visual Studio Solution File, Format Version 12.00
Project("{FAE04EC0-301F-11D3-BF4B-00C04F79EFBC}") = "a_rank_camp_step1", "a_rank_camp_step1\a_rank_camp_step1.csproj", "{A518FA4D-E6BC-4BB1-B3EE-450BDD0AF82A}"
EndProject
Global
	GlobalSection(SolutionConfigurationPlatforms) = preSolution
		Debug|Any CPU = Debug|Any CPU
		Release|Any CPU = Release|Any CPU
	EndGlobalSection
	GlobalSection(ProjectConfigurationPlatforms) = postSolution
		{A518FA4D-E6BC-4BB1-B3EE-450BDD0AF82A}.Debug|Any CPU.ActiveCfg = Debug|Any CPU
		{A518FA4D-E6BC-4BB1-B3EE-450BDD0AF82A}.Debug|Any CPU.Build.0 = Debug|Any CPU
		{A518FA4D-E6BC-4BB1-B3EE-450BDD0AF82A}.Release|Any CPU.ActiveCfg = Release|Any CPU
		{A518FA4D-E6BC-4BB1-B3EE-450BDD0AF82A}.Release|Any CPU.Build.0 = Release|Any CPU
	EndGlobalSection
EndGlobal
