
Microsoft Visual Studio Solution File, Format Version 12.00
Project("{FAE04EC0-301F-11D3-BF4B-00C04F79EFBC}") = "bfs_dfs_problems__shortest_path_length", "bfs_dfs_problems__shortest_path_length\bfs_dfs_problems__shortest_path_length.csproj", "{442B1BB4-979E-487F-BD78-73D2C9DCC361}"
EndProject
Global
	GlobalSection(SolutionConfigurationPlatforms) = preSolution
		Debug|Any CPU = Debug|Any CPU
		Release|Any CPU = Release|Any CPU
	EndGlobalSection
	GlobalSection(ProjectConfigurationPlatforms) = postSolution
		{442B1BB4-979E-487F-BD78-73D2C9DCC361}.Debug|Any CPU.ActiveCfg = Debug|Any CPU
		{442B1BB4-979E-487F-BD78-73D2C9DCC361}.Debug|Any CPU.Build.0 = Debug|Any CPU
		{442B1BB4-979E-487F-BD78-73D2C9DCC361}.Release|Any CPU.ActiveCfg = Release|Any CPU
		{442B1BB4-979E-487F-BD78-73D2C9DCC361}.Release|Any CPU.Build.0 = Release|Any CPU
	EndGlobalSection
EndGlobal
